PODS:
  - RxCocoa (3.6.1):
    - RxSwift (~> 3.6)
  - RxSwift (3.6.1)
  - Style (4.0.0):
    - RxCocoa

DEPENDENCIES:
  - Style (from `../`)

EXTERNAL SOURCES:
  Style:
    :path: ../

SPEC CHECKSUMS:
  RxCocoa: 84a08739ab186248c7f31ce4ee92d6f8a947d690
  RxSwift: f9de85ea20cd2f7716ee5409fc13523dc638e4e4
  Style: 71c6741dae6316c16c9044385b8f0041ee80cf50

PODFILE CHECKSUM: d781b27a07a5ffd23e1e69f5c8fbc3ab464aa656

COCOAPODS: 1.3.1
